{
    "name": "expassgen",
    "version": "1.0.1",
    "lockfileVersion": 2,
    "requires": true,
    "packages": {
        "": {
            "name": "expassgen",
            "version": "1.0.1",
            "license": "MIT",
            "dependencies": {
                "expassgen": "^1.0.1"
            },
            "devDependencies": {}
        },
        "node_modules/expassgen": {
            "version": "1.0.1",
            "resolved": "https://registry.npmjs.org/expassgen/-/expassgen-1.0.1.tgz",
            "integrity": "sha512-3IbkFW0EvwgVyWyAw1X/JHz8MP6mVbHagAEJqG4uu8kySqQcBjsDNj7kk1Qpt7y5fyUrgNB/Kt4jXADRpry3pw=="
        }
    },
    "dependencies": {
        "expassgen": {
            "version": "1.0.1",
            "resolved": "https://registry.npmjs.org/expassgen/-/expassgen-1.0.1.tgz",
            "integrity": "sha512-3IbkFW0EvwgVyWyAw1X/JHz8MP6mVbHagAEJqG4uu8kySqQcBjsDNj7kk1Qpt7y5fyUrgNB/Kt4jXADRpry3pw=="
        }
    }
}
